
Microsoft Visual Studio Solution File, Format Version 12.00
# Visual Studio Version 16
VisualStudioVersion = 16.0.32126.315
MinimumVisualStudioVersion = 10.0.40219.1
Project("{FAE04EC0-301F-11D3-BF4B-00C04F79EFBC}") = "recrutingwpf", "recrutingwpf\recrutingwpf.csproj", "{1D07BB78-2B72-4FA2-8C9E-342E8EAFF741}"
EndProject
Global
	GlobalSection(SolutionConfigurationPlatforms) = preSolution
		Debug|Any CPU = Debug|Any CPU
		Debug|x64 = Debug|x64
		Recruting|Any CPU = Recruting|Any CPU
		Recruting|x64 = Recruting|x64
		Release|Any CPU = Release|Any CPU
		Release|x64 = Release|x64
	EndGlobalSection
	GlobalSection(ProjectConfigurationPlatforms) = postSolution
		{1D07BB78-2B72-4FA2-8C9E-342E8EAFF741}.Debug|Any CPU.ActiveCfg = Debug|Any CPU
		{1D07BB78-2B72-4FA2-8C9E-342E8EAFF741}.Debug|Any CPU.Build.0 = Debug|Any CPU
		{1D07BB78-2B72-4FA2-8C9E-342E8EAFF741}.Debug|x64.ActiveCfg = Debug|x64
		{1D07BB78-2B72-4FA2-8C9E-342E8EAFF741}.Debug|x64.Build.0 = Debug|x64
		{1D07BB78-2B72-4FA2-8C9E-342E8EAFF741}.Recruting|Any CPU.ActiveCfg = Recruting|Any CPU
		{1D07BB78-2B72-4FA2-8C9E-342E8EAFF741}.Recruting|Any CPU.Build.0 = Recruting|Any CPU
		{1D07BB78-2B72-4FA2-8C9E-342E8EAFF741}.Recruting|x64.ActiveCfg = Recruting|x64
		{1D07BB78-2B72-4FA2-8C9E-342E8EAFF741}.Recruting|x64.Build.0 = Recruting|x64
		{1D07BB78-2B72-4FA2-8C9E-342E8EAFF741}.Release|Any CPU.ActiveCfg = Release|Any CPU
		{1D07BB78-2B72-4FA2-8C9E-342E8EAFF741}.Release|Any CPU.Build.0 = Release|Any CPU
		{1D07BB78-2B72-4FA2-8C9E-342E8EAFF741}.Release|x64.ActiveCfg = Release|x64
		{1D07BB78-2B72-4FA2-8C9E-342E8EAFF741}.Release|x64.Build.0 = Release|x64
	EndGlobalSection
	GlobalSection(SolutionProperties) = preSolution
		HideSolutionNode = FALSE
	EndGlobalSection
	GlobalSection(ExtensibilityGlobals) = postSolution
		SolutionGuid = {A37B69C7-CAFD-4D5F-8478-4B227AFD419E}
	EndGlobalSection
EndGlobal
